PODS:
  - Alamofire (5.10.2)
  - AlamofireImage (4.3.0):
    - Alamofire (~> 5.8)
  - Differentiator (3.1.0)
  - ffmpeg-kit-ios-full-gpl (6.0.0)
  - FFPopup (1.1.5)
  - pop (1.0.12)
  - RxCocoa (4.5.0):
    - RxSwift (>= 4.4.2, ~> 4.4)
  - RxCoreLocation (1.3.2):
    - RxCoreLocation/Core (= 1.3.2)
  - RxCoreLocation/Core (1.3.2):
    - RxCocoa (~> 4.0)
    - RxSwift (~> 4.0)
  - RxDataSources (3.1.0):
    - Differentiator (~> 3.0)
    - RxCocoa (~> 4.0)
    - RxSwift (~> 4.0)
  - RxGesture (2.2.0):
    - RxCocoa (~> 4.5)
    - RxSwift (~> 4.5)
  - RxMapKit (1.2.0):
    - RxCocoa (~> 4.2)
    - RxSwift (~> 4.2)
  - RxOptional (3.6.2):
    - RxCocoa (~> 4.0)
    - RxSwift (~> 4.0)
  - RxSwift (4.5.0)
  - RxWebKit (0.3.7):
    - RxCocoa (~> 4.0)
    - RxSwift (~> 4.0)

DEPENDENCIES:
  - Alamofire
  - AlamofireImage
  - ffmpeg-kit-ios-full-gpl (from `https://github.com/SilenceLove/ffmpeg-kit-ios-full-gpl`)
  - FFPopup
  - pop (~> 1.0)
  - RxCocoa
  - RxCoreLocation
  - RxDataSources
  - RxGesture
  - RxMapKit
  - RxOptional
  - RxSwift
  - RxWebKit

SPEC REPOS:
  https://github.com/CocoaPods/Specs.git:
    - Alamofire
    - AlamofireImage
    - Differentiator
    - FFPopup
    - pop
    - RxCocoa
    - RxCoreLocation
    - RxDataSources
    - RxGesture
    - RxMapKit
    - RxOptional
    - RxSwift
    - RxWebKit

EXTERNAL SOURCES:
  ffmpeg-kit-ios-full-gpl:
    :git: https://github.com/SilenceLove/ffmpeg-kit-ios-full-gpl

CHECKOUT OPTIONS:
  ffmpeg-kit-ios-full-gpl:
    :commit: c8fed1c21d1ca63eeccbe235375021350fd5199e
    :git: https://github.com/SilenceLove/ffmpeg-kit-ios-full-gpl

SPEC CHECKSUMS:
  Alamofire: 7193b3b92c74a07f85569e1a6c4f4237291e7496
  AlamofireImage: 843953fa97bee5f561cf05d83abd759e590b068d
  Differentiator: be49ca3408f0ecfc761e4c7763d20c62be01b9ad
  ffmpeg-kit-ios-full-gpl: b1060b35bfc1d0d05c9d2737a98c06cfafe3d9f4
  FFPopup: a208dcee8db3e54ec4a88fcd6481f6f5d85b7a83
  pop: d582054913807fd11fd50bfe6a539d91c7e1a55a
  RxCocoa: cbf70265dc65a981d4ac982e513c10cf23df24a0
  RxCoreLocation: 23d0f2f06fba5af57f2fa9064a5c165e75eb4c33
  RxDataSources: a843bad90c29817f5923ec8163f4af2de084ceb3
  RxGesture: c1b7bf17166b0ef9d642a9510f8bac5785f18990
  RxMapKit: 5c8cc66f231fc8b75a2e58eb37f6c6420787585b
  RxOptional: 80426a0ddbd092573e4c482d8cc13302078c4d5e
  RxSwift: f172070dfd1a93d70a9ab97a5a01166206e1c575
  RxWebKit: e39e220919e5e24546c837f5f60689036a1e5920

PODFILE CHECKSUM: 2593768d7de06ae8db3bf919eaceb38f53caa0b0

COCOAPODS: 1.16.2
